
Microsoft Visual Studio Solution File, Format Version 12.00
# Visual Studio Version 17
VisualStudioVersion = 17.3.32819.101
MinimumVisualStudioVersion = 10.0.40219.1
Project("{FAE04EC0-301F-11D3-BF4B-00C04F79EFBC}") = "exer3", "exer3\exer3.csproj", "{61996C5D-12D0-42BB-B4C8-7635195E478B}"
EndProject
Global
	GlobalSection(SolutionConfigurationPlatforms) = preSolution
		Debug|Any CPU = Debug|Any CPU
		Release|Any CPU = Release|Any CPU
	EndGlobalSection
	GlobalSection(ProjectConfigurationPlatforms) = postSolution
		{61996C5D-12D0-42BB-B4C8-7635195E478B}.Debug|Any CPU.ActiveCfg = Debug|Any CPU
		{61996C5D-12D0-42BB-B4C8-7635195E478B}.Debug|Any CPU.Build.0 = Debug|Any CPU
		{61996C5D-12D0-42BB-B4C8-7635195E478B}.Release|Any CPU.ActiveCfg = Release|Any CPU
		{61996C5D-12D0-42BB-B4C8-7635195E478B}.Release|Any CPU.Build.0 = Release|Any CPU
	EndGlobalSection
	GlobalSection(SolutionProperties) = preSolution
		HideSolutionNode = FALSE
	EndGlobalSection
	GlobalSection(ExtensibilityGlobals) = postSolution
		SolutionGuid = {BE3B7DC7-F60B-44C2-B270-9433E6519B86}
	EndGlobalSection
EndGlobal
