
Microsoft Visual Studio Solution File, Format Version 12.00
# Visual Studio Version 17
VisualStudioVersion = 17.3.32819.101
MinimumVisualStudioVersion = 10.0.40219.1
Project("{FAE04EC0-301F-11D3-BF4B-00C04F79EFBC}") = "exer6", "exer6\exer6.csproj", "{8327B50D-CA59-4900-8E2D-3127B4F5224E}"
EndProject
Global
	GlobalSection(SolutionConfigurationPlatforms) = preSolution
		Debug|Any CPU = Debug|Any CPU
		Release|Any CPU = Release|Any CPU
	EndGlobalSection
	GlobalSection(ProjectConfigurationPlatforms) = postSolution
		{8327B50D-CA59-4900-8E2D-3127B4F5224E}.Debug|Any CPU.ActiveCfg = Debug|Any CPU
		{8327B50D-CA59-4900-8E2D-3127B4F5224E}.Debug|Any CPU.Build.0 = Debug|Any CPU
		{8327B50D-CA59-4900-8E2D-3127B4F5224E}.Release|Any CPU.ActiveCfg = Release|Any CPU
		{8327B50D-CA59-4900-8E2D-3127B4F5224E}.Release|Any CPU.Build.0 = Release|Any CPU
	EndGlobalSection
	GlobalSection(SolutionProperties) = preSolution
		HideSolutionNode = FALSE
	EndGlobalSection
	GlobalSection(ExtensibilityGlobals) = postSolution
		SolutionGuid = {18EEFD08-8D70-4C75-B2AE-39D01AC91336}
	EndGlobalSection
EndGlobal
